
Microsoft Visual Studio Solution File, Format Version 12.00
# Visual Studio 15
Project("{FAE04EC0-301F-11D3-BF4B-00C04F79EFBC}") = "Assembly-CSharp-firstpass", "Assembly-CSharp-firstpass.csproj", "{F37E615D-FC1C-E1F3-141C-BA8C4D25DA09}"
EndProject
Project("{FAE04EC0-301F-11D3-BF4B-00C04F79EFBC}") = "Assembly-CSharp", "Assembly-CSharp.csproj", "{9027E060-E0ED-0DFE-90CF-46D7630466E4}"
EndProject
Project("{FAE04EC0-301F-11D3-BF4B-00C04F79EFBC}") = "Assembly-CSharp-Editor-firstpass", "Assembly-CSharp-Editor-firstpass.csproj", "{C2510491-2DD4-DB5B-1C21-F08D1E900EB5}"
EndProject
Global
	GlobalSection(SolutionConfigurationPlatforms) = preSolution
		Debug|Any CPU = Debug|Any CPU
		Release|Any CPU = Release|Any CPU
	EndGlobalSection
	GlobalSection(ProjectConfigurationPlatforms) = postSolution
		{F37E615D-FC1C-E1F3-141C-BA8C4D25DA09}.Debug|Any CPU.ActiveCfg = Debug|Any CPU
		{F37E615D-FC1C-E1F3-141C-BA8C4D25DA09}.Debug|Any CPU.Build.0 = Debug|Any CPU
		{F37E615D-FC1C-E1F3-141C-BA8C4D25DA09}.Release|Any CPU.ActiveCfg = Release|Any CPU
		{F37E615D-FC1C-E1F3-141C-BA8C4D25DA09}.Release|Any CPU.Build.0 = Release|Any CPU
		{9027E060-E0ED-0DFE-90CF-46D7630466E4}.Debug|Any CPU.ActiveCfg = Debug|Any CPU
		{9027E060-E0ED-0DFE-90CF-46D7630466E4}.Debug|Any CPU.Build.0 = Debug|Any CPU
		{9027E060-E0ED-0DFE-90CF-46D7630466E4}.Release|Any CPU.ActiveCfg = Release|Any CPU
		{9027E060-E0ED-0DFE-90CF-46D7630466E4}.Release|Any CPU.Build.0 = Release|Any CPU
		{C2510491-2DD4-DB5B-1C21-F08D1E900EB5}.Debug|Any CPU.ActiveCfg = Debug|Any CPU
		{C2510491-2DD4-DB5B-1C21-F08D1E900EB5}.Debug|Any CPU.Build.0 = Debug|Any CPU
		{C2510491-2DD4-DB5B-1C21-F08D1E900EB5}.Release|Any CPU.ActiveCfg = Release|Any CPU
		{C2510491-2DD4-DB5B-1C21-F08D1E900EB5}.Release|Any CPU.Build.0 = Release|Any CPU
	EndGlobalSection
	GlobalSection(SolutionProperties) = preSolution
		HideSolutionNode = FALSE
	EndGlobalSection
EndGlobal
