
Microsoft Visual Studio Solution File, Format Version 12.00
# Visual Studio 15
Project("{FAE04EC0-301F-11D3-BF4B-00C04F79EFBC}") = "Assembly-CSharp-firstpass", "Assembly-CSharp-firstpass.csproj", "{1EED94D4-8566-360E-0167-C261BB8DE90B}"
EndProject
Project("{FAE04EC0-301F-11D3-BF4B-00C04F79EFBC}") = "Assembly-CSharp", "Assembly-CSharp.csproj", "{DD7B0413-723C-81E8-59DC-DCE5654D4DAD}"
EndProject
Project("{FAE04EC0-301F-11D3-BF4B-00C04F79EFBC}") = "Assembly-CSharp-Editor-firstpass", "Assembly-CSharp-Editor-firstpass.csproj", "{7F54F1AE-83FE-78BC-5BAE-C3BD9C84586D}"
EndProject
Global
	GlobalSection(SolutionConfigurationPlatforms) = preSolution
		Debug|Any CPU = Debug|Any CPU
		Release|Any CPU = Release|Any CPU
	EndGlobalSection
	GlobalSection(ProjectConfigurationPlatforms) = postSolution
		{1EED94D4-8566-360E-0167-C261BB8DE90B}.Debug|Any CPU.ActiveCfg = Debug|Any CPU
		{1EED94D4-8566-360E-0167-C261BB8DE90B}.Debug|Any CPU.Build.0 = Debug|Any CPU
		{1EED94D4-8566-360E-0167-C261BB8DE90B}.Release|Any CPU.ActiveCfg = Release|Any CPU
		{1EED94D4-8566-360E-0167-C261BB8DE90B}.Release|Any CPU.Build.0 = Release|Any CPU
		{DD7B0413-723C-81E8-59DC-DCE5654D4DAD}.Debug|Any CPU.ActiveCfg = Debug|Any CPU
		{DD7B0413-723C-81E8-59DC-DCE5654D4DAD}.Debug|Any CPU.Build.0 = Debug|Any CPU
		{DD7B0413-723C-81E8-59DC-DCE5654D4DAD}.Release|Any CPU.ActiveCfg = Release|Any CPU
		{DD7B0413-723C-81E8-59DC-DCE5654D4DAD}.Release|Any CPU.Build.0 = Release|Any CPU
		{7F54F1AE-83FE-78BC-5BAE-C3BD9C84586D}.Debug|Any CPU.ActiveCfg = Debug|Any CPU
		{7F54F1AE-83FE-78BC-5BAE-C3BD9C84586D}.Debug|Any CPU.Build.0 = Debug|Any CPU
		{7F54F1AE-83FE-78BC-5BAE-C3BD9C84586D}.Release|Any CPU.ActiveCfg = Release|Any CPU
		{7F54F1AE-83FE-78BC-5BAE-C3BD9C84586D}.Release|Any CPU.Build.0 = Release|Any CPU
	EndGlobalSection
	GlobalSection(SolutionProperties) = preSolution
		HideSolutionNode = FALSE
	EndGlobalSection
EndGlobal
